# This file is automatically @generated by Poetry 1.4.1 and should not be changed by hand.

[[package]]
name = "confluent-kafka"
version = "2.0.2"
description = "Confluent's Python client for Apache Kafka"
category = "main"
optional = false
python-versions = "*"
files = [
    {file = "confluent-kafka-2.0.2.tar.gz", hash = "sha256:3b342ea4226ed105ca8bc035b0877e4dc2f115ffda74e3a350f363683356515b"},
    {file = "confluent_kafka-2.0.2-cp310-cp310-macosx_10_9_x86_64.whl", hash = "sha256:bf71b92cb06ca24ef5395f985e6999cfaafa1cc437f4301798706dc88f8c131b"},
    {file = "confluent_kafka-2.0.2-cp310-cp310-macosx_11_0_arm64.whl", hash = "sha256:fd026438cc12372836f7b474e070b71af4b1fb5b45636930893c620336c92f89"},
    {file = "confluent_kafka-2.0.2-cp310-cp310-manylinux_2_17_x86_64.manylinux2014_x86_64.whl", hash = "sha256:b6d3af0cfbd1aa7c57c03ad0e991b18bbb5a1a2067d517214b745dcda53f2f99"},
    {file = "confluent_kafka-2.0.2-cp310-cp310-win32.whl", hash = "sha256:4957a099b896b3088f889f4f45b62c86ce8d86e8f2110b67fb967d80ffc01b26"},
    {file = "confluent_kafka-2.0.2-cp310-cp310-win_amd64.whl", hash = "sha256:cca1d06241cf2f9b70beb60302a3f583d1c2d7f7232750091e6d062cef75971a"},
    {file = "confluent_kafka-2.0.2-cp311-cp311-macosx_10_9_x86_64.whl", hash = "sha256:66730c4a4faca872e9cff458895c139b956741c9fa9b0a226770eca43b616c9b"},
    {file = "confluent_kafka-2.0.2-cp311-cp311-macosx_11_0_arm64.whl", hash = "sha256:a07c49ac59914a5490f2453491be5d9b36f7b24a26ef1a171eb4d3ff50c9aa1c"},
    {file = "confluent_kafka-2.0.2-cp311-cp311-manylinux_2_17_x86_64.manylinux2014_x86_64.whl", hash = "sha256:69f2582420b5c010b64812c0ff1f391d32fbca2f5783f00b19e9f296bbf70202"},
    {file = "confluent_kafka-2.0.2-cp311-cp311-win32.whl", hash = "sha256:cb651eb11bfc5fe66a7b1a5b858049c2cbc4320060161e651da9ecfce43f1158"},
    {file = "confluent_kafka-2.0.2-cp311-cp311-win_amd64.whl", hash = "sha256:2369a1ee740a0e3d7cd50cb1e7715ad56d7d9b561c5925d9d9abc298df1a1eb2"},
    {file = "confluent_kafka-2.0.2-cp36-cp36m-macosx_10_9_x86_64.whl", hash = "sha256:be13fc582129a2944a400dd76d1bf5e1284006cb907f0e0606ba821bc5fe59a8"},
    {file = "confluent_kafka-2.0.2-cp36-cp36m-manylinux_2_17_x86_64.manylinux2014_x86_64.whl", hash = "sha256:6e30da9ff531fea072fb984ec54e56e466587e072d1b386f7bc0b8887b0ae1e1"},
    {file = "confluent_kafka-2.0.2-cp36-cp36m-win32.whl", hash = "sha256:48f397de635a4c3205846dc8d65c1dda38a821b2db300a2e38739383e44cf931"},
    {file = "confluent_kafka-2.0.2-cp36-cp36m-win_amd64.whl", hash = "sha256:a43e40ccc26be0dbdc2772fa8fd1a8422f830e94ffc468f52888040be1669d32"},
    {file = "confluent_kafka-2.0.2-cp37-cp37m-macosx_10_9_x86_64.whl", hash = "sha256:634f1a78a99fa48fe86748b30f5cc96166e0082bbc169697807a448f4e01175c"},
    {file = "confluent_kafka-2.0.2-cp37-cp37m-manylinux_2_17_x86_64.manylinux2014_x86_64.whl", hash = "sha256:89801e255aad013b5305285811ad32c00010c29ce07e10c10eefee8ddd1dcfe0"},
    {file = "confluent_kafka-2.0.2-cp37-cp37m-win32.whl", hash = "sha256:0a39a1a63fcaa4e029e5afb676664b5328b71756d91dc27cfa3f2121b128b95a"},
    {file = "confluent_kafka-2.0.2-cp37-cp37m-win_amd64.whl", hash = "sha256:608b100f2fcd4f2ede2e7bdf966bcee799218c1d9da5d87e7a1bae21aa0a8e35"},
    {file = "confluent_kafka-2.0.2-cp38-cp38-macosx_10_9_x86_64.whl", hash = "sha256:0b72a086dd3f14f4bb8b97b3b7b62325ed2a1389f11d4acbd56b298615133395"},
    {file = "confluent_kafka-2.0.2-cp38-cp38-macosx_11_0_arm64.whl", hash = "sha256:50c3074df49be6d0e39532c099fd3f2a2f3c71652cb4cc37082e8382d3da2a22"},
    {file = "confluent_kafka-2.0.2-cp38-cp38-manylinux_2_17_x86_64.manylinux2014_x86_64.whl", hash = "sha256:5c89117d983b13746185713b4f1151e29bb467377b570301c1db5807d2eca567"},
    {file = "confluent_kafka-2.0.2-cp38-cp38-win32.whl", hash = "sha256:f2ac3554429be8ea26e16d83a33cd69ad38a3b6b4d5411beb245d928e4562994"},
    {file = "confluent_kafka-2.0.2-cp38-cp38-win_amd64.whl", hash = "sha256:470b3618259761616999915029d2cb24066657ecb864b7e1558e59cf2e8f748d"},
    {file = "confluent_kafka-2.0.2-cp39-cp39-macosx_10_9_x86_64.whl", hash = "sha256:d2d66c413ee810abd22253dae770365a89b4a4e9d99645724793c85a0c7e286b"},
    {file = "confluent_kafka-2.0.2-cp39-cp39-macosx_11_0_arm64.whl", hash = "sha256:6fac92f55ed526188bf38ec718251cc4b301c4dd2f97f786f8b08d64e459f10f"},
    {file = "confluent_kafka-2.0.2-cp39-cp39-manylinux_2_17_x86_64.manylinux2014_x86_64.whl", hash = "sha256:b89f96743829775c89b902b16cdc3189ff3c6a86b27fc713c73523d461c87d7a"},
    {file = "confluent_kafka-2.0.2-cp39-cp39-win32.whl", hash = "sha256:25ff4b322ce62f50402a3120c4b9eb73a093a80d829c3f0b11de12d85262b99b"},
    {file = "confluent_kafka-2.0.2-cp39-cp39-win_amd64.whl", hash = "sha256:23fbaa99cda5ae04ac9249236c581e6b1856624e5abd7ec88d9faf7ec18046fb"},
]

[package.extras]
avro = ["avro (>=1.11.1,<2)", "fastavro (>=0.23.0,<1.0)", "fastavro (>=1.0)", "requests"]
dev = ["avro (>=1.11.1,<2)", "fastavro (>=0.23.0,<1.0)", "fastavro (>=1.0)", "flake8", "pytest", "pytest (==4.6.4)", "pytest-timeout", "requests"]
doc = ["avro (>=1.11.1,<2)", "fastavro (>=0.23.0,<1.0)", "fastavro (>=1.0)", "requests", "sphinx", "sphinx-rtd-theme"]
json = ["jsonschema", "pyrsistent", "pyrsistent (==0.16.1)", "requests"]
protobuf = ["protobuf", "requests"]
schema-registry = ["requests"]

[[package]]
name = "faker"
version = "18.3.1"
description = "Faker is a Python package that generates fake data for you."
category = "main"
optional = false
python-versions = ">=3.7"
files = [
    {file = "Faker-18.3.1-py3-none-any.whl", hash = "sha256:4c98c42984db54be2246d40e6407cd983db7b1511a70eaff64c3f383a51bace6"},
    {file = "Faker-18.3.1.tar.gz", hash = "sha256:9bd71833146b844d848791b79720c7806108130c9603c7074123b3f77b4e97a1"},
]

[package.dependencies]
python-dateutil = ">=2.4"

[[package]]
name = "python-dateutil"
version = "2.8.2"
description = "Extensions to the standard Python datetime module"
category = "main"
optional = false
python-versions = "!=3.0.*,!=3.1.*,!=3.2.*,>=2.7"
files = [
    {file = "python-dateutil-2.8.2.tar.gz", hash = "sha256:0123cacc1627ae19ddf3c27a5de5bd67ee4586fbdd6440d9748f8abb483d3e86"},
    {file = "python_dateutil-2.8.2-py2.py3-none-any.whl", hash = "sha256:961d03dc3453ebbc59dbdea9e4e11c5651520a876d0f4db161e8674aae935da9"},
]

[package.dependencies]
six = ">=1.5"

[[package]]
name = "six"
version = "1.16.0"
description = "Python 2 and 3 compatibility utilities"
category = "main"
optional = false
python-versions = ">=2.7, !=3.0.*, !=3.1.*, !=3.2.*"
files = [
    {file = "six-1.16.0-py2.py3-none-any.whl", hash = "sha256:8abb2f1d86890a2dfb989f9a77cfcfd3e47c2a354b01111771326f8aa26e0254"},
    {file = "six-1.16.0.tar.gz", hash = "sha256:1e61c37477a1626458e36f7b1d82aa5c9b094fa4802892072e49de9c60c4c926"},
]

[metadata]
lock-version = "2.0"
python-versions = "^3.10"
content-hash = "627c79ce7b0c7da6462ac8688cb581cd542534f004370069fc3f7531c2a68aa6"
